{
  "version": 4,
  "terraform_version": "0.12.24",
  "serial": 1,
  "lineage": "1bc4a92a-6f6d-90e2-1f07-cb1cdab0f992",
  "outputs": {},
  "resources": [
    {
      "module": "module.ui",
      "mode": "managed",
      "type": "google_storage_bucket",
      "name": "lcb_ui",
      "provider": "provider.google",
      "instances": [
        {
          "schema_version": 0,
          "attributes": {
            "bucket_policy_only": true,
            "cors": [
              {
                "max_age_seconds": 3600,
                "method": [
                  "GET",
                  "HEAD",
                  "PUT",
                  "POST",
                  "DELETE"
                ],
                "origin": [
                  "http://fn-bucket.org"
                ],
                "response_header": [
                  "*"
                ]
              }
            ],
            "default_event_based_hold": false,
            "encryption": [],
            "force_destroy": true,
            "id": "lcb_ui",
            "labels": null,
            "lifecycle_rule": [],
            "location": "US",
            "logging": [],
            "name": "lcb_ui",
            "project": "lcb-1122",
            "requester_pays": false,
            "retention_policy": [],
            "self_link": "https://www.googleapis.com/storage/v1/b/lcb_ui",
            "storage_class": "STANDARD",
            "url": "gs://lcb_ui",
            "versioning": [],
            "website": [
              {
                "main_page_suffix": "index.html",
                "not_found_page": "404.html"
              }
            ]
          },
          "private": "bnVsbA=="
        }
      ]
    }
  ]
}
