{
  "version": 4,
  "terraform_version": "0.12.24",
  "serial": 6,
  "lineage": "12810a11-9926-bdd2-cad5-d2fc9f96148c",
  "outputs": {},
  "resources": [
    {
      "module": "module.db",
      "mode": "data",
      "type": "google_compute_network",
      "name": "default",
      "provider": "provider.google",
      "instances": [
        {
          "schema_version": 0,
          "attributes": {
            "description": "Default network for the project",
            "gateway_ipv4": "",
            "id": "projects/traceability-277402/global/networks/default",
            "name": "default",
            "project": null,
            "self_link": "https://www.googleapis.com/compute/v1/projects/traceability-277402/global/networks/default",
            "subnetworks_self_links": [
              "https://www.googleapis.com/compute/v1/projects/traceability-277402/regions/asia-south1/subnetworks/default",
              "https://www.googleapis.com/compute/v1/projects/traceability-277402/regions/southamerica-east1/subnetworks/default",
              "https://www.googleapis.com/compute/v1/projects/traceability-277402/regions/us-central1/subnetworks/default",
              "https://www.googleapis.com/compute/v1/projects/traceability-277402/regions/us-west4/subnetworks/default",
              "https://www.googleapis.com/compute/v1/projects/traceability-277402/regions/australia-southeast1/subnetworks/default",
              "https://www.googleapis.com/compute/v1/projects/traceability-277402/regions/asia-east1/subnetworks/default",
              "https://www.googleapis.com/compute/v1/projects/traceability-277402/regions/asia-southeast1/subnetworks/default",
              "https://www.googleapis.com/compute/v1/projects/traceability-277402/regions/northamerica-northeast1/subnetworks/default",
              "https://www.googleapis.com/compute/v1/projects/traceability-277402/regions/asia-northeast2/subnetworks/default",
              "https://www.googleapis.com/compute/v1/projects/traceability-277402/regions/us-west3/subnetworks/default",
              "https://www.googleapis.com/compute/v1/projects/traceability-277402/regions/europe-north1/subnetworks/default",
              "https://www.googleapis.com/compute/v1/projects/traceability-277402/regions/europe-west1/subnetworks/default",
              "https://www.googleapis.com/compute/v1/projects/traceability-277402/regions/europe-west3/subnetworks/default",
              "https://www.googleapis.com/compute/v1/projects/traceability-277402/regions/asia-east2/subnetworks/default",
              "https://www.googleapis.com/compute/v1/projects/traceability-277402/regions/us-west1/subnetworks/default",
              "https://www.googleapis.com/compute/v1/projects/traceability-277402/regions/asia-northeast1/subnetworks/default",
              "https://www.googleapis.com/compute/v1/projects/traceability-277402/regions/us-east4/subnetworks/default",
              "https://www.googleapis.com/compute/v1/projects/traceability-277402/regions/us-east1/subnetworks/default",
              "https://www.googleapis.com/compute/v1/projects/traceability-277402/regions/europe-west4/subnetworks/default",
              "https://www.googleapis.com/compute/v1/projects/traceability-277402/regions/us-west2/subnetworks/default",
              "https://www.googleapis.com/compute/v1/projects/traceability-277402/regions/asia-northeast3/subnetworks/default",
              "https://www.googleapis.com/compute/v1/projects/traceability-277402/regions/europe-west6/subnetworks/default",
              "https://www.googleapis.com/compute/v1/projects/traceability-277402/regions/europe-west2/subnetworks/default"
            ]
          }
        }
      ]
    },
    {
      "module": "module.ctl-vm",
      "mode": "managed",
      "type": "google_compute_instance",
      "name": "ctl_server",
      "provider": "provider.google",
      "instances": [
        {
          "schema_version": 6,
          "attributes": {
            "allow_stopping_for_update": null,
            "attached_disk": [],
            "boot_disk": [
              {
                "auto_delete": true,
                "device_name": "persistent-disk-0",
                "disk_encryption_key_raw": "",
                "disk_encryption_key_sha256": "",
                "initialize_params": [
                  {
                    "image": "https://www.googleapis.com/compute/v1/projects/ubuntu-os-cloud/global/images/ubuntu-1804-bionic-v20200430",
                    "labels": {},
                    "size": 10,
                    "type": "pd-standard"
                  }
                ],
                "kms_key_self_link": "",
                "mode": "READ_WRITE",
                "source": "https://www.googleapis.com/compute/v1/projects/traceability-277402/zones/us-central1-a/disks/traceability-277402-ctl"
              }
            ],
            "can_ip_forward": false,
            "cpu_platform": "Intel Haswell",
            "current_status": "RUNNING",
            "deletion_protection": false,
            "description": "",
            "desired_status": null,
            "enable_display": false,
            "guest_accelerator": [],
            "hostname": "",
            "id": "projects/traceability-277402/zones/us-central1-a/instances/traceability-277402-ctl",
            "instance_id": "592814070064928850",
            "label_fingerprint": "42WmSpB8rSM=",
            "labels": {},
            "machine_type": "f1-micro",
            "metadata": {},
            "metadata_fingerprint": "4nI45Mu4ZQM=",
            "metadata_startup_script": "sudo apt-get update \u0026\u0026 sudo apt-get install postgresql-client -y",
            "min_cpu_platform": "",
            "name": "traceability-277402-ctl",
            "network_interface": [
              {
                "access_config": [
                  {
                    "nat_ip": "35.223.205.206",
                    "network_tier": "PREMIUM",
                    "public_ptr_domain_name": ""
                  }
                ],
                "alias_ip_range": [],
                "name": "nic0",
                "network": "https://www.googleapis.com/compute/v1/projects/traceability-277402/global/networks/default",
                "network_ip": "10.128.0.2",
                "subnetwork": "https://www.googleapis.com/compute/v1/projects/traceability-277402/regions/us-central1/subnetworks/default",
                "subnetwork_project": "traceability-277402"
              }
            ],
            "project": "traceability-277402",
            "resource_policies": [],
            "scheduling": [
              {
                "automatic_restart": true,
                "node_affinities": [],
                "on_host_maintenance": "MIGRATE",
                "preemptible": false
              }
            ],
            "scratch_disk": [],
            "self_link": "https://www.googleapis.com/compute/v1/projects/traceability-277402/zones/us-central1-a/instances/traceability-277402-ctl",
            "service_account": [],
            "shielded_instance_config": [
              {
                "enable_integrity_monitoring": true,
                "enable_secure_boot": false,
                "enable_vtpm": true
              }
            ],
            "tags": [
              "ctl-vm"
            ],
            "tags_fingerprint": "crYX29fWE2I=",
            "timeouts": null,
            "zone": "us-central1-a"
          },
          "private": "eyJlMmJmYjczMC1lY2FhLTExZTYtOGY4OC0zNDM2M2JjN2M0YzAiOnsiY3JlYXRlIjoxMjAwMDAwMDAwMDAwLCJkZWxldGUiOjEyMDAwMDAwMDAwMDAsInVwZGF0ZSI6MTIwMDAwMDAwMDAwMH0sInNjaGVtYV92ZXJzaW9uIjoiNiJ9"
        }
      ]
    },
    {
      "module": "module.db",
      "mode": "managed",
      "type": "google_secret_manager_secret",
      "name": "postgres_pwd",
      "provider": "provider.google-beta",
      "instances": [
        {
          "schema_version": 0,
          "attributes": {
            "create_time": "2020-05-16T05:06:09.636769Z",
            "id": "projects/traceability-277402/secrets/pg_pwd_dev",
            "labels": {
              "label": "pg_pwd_dev"
            },
            "name": "projects/291392838589/secrets/pg_pwd_dev",
            "project": "traceability-277402",
            "replication": [
              {
                "automatic": true,
                "user_managed": []
              }
            ],
            "secret_id": "pg_pwd_dev",
            "timeouts": null
          },
          "private": "eyJlMmJmYjczMC1lY2FhLTExZTYtOGY4OC0zNDM2M2JjN2M0YzAiOnsiY3JlYXRlIjoyNDAwMDAwMDAwMDAsImRlbGV0ZSI6MjQwMDAwMDAwMDAwLCJ1cGRhdGUiOjI0MDAwMDAwMDAwMH19"
        }
      ]
    },
    {
      "module": "module.db",
      "mode": "managed",
      "type": "google_secret_manager_secret_version",
      "name": "postgres_pwd_version",
      "provider": "provider.google-beta",
      "instances": [
        {
          "schema_version": 0,
          "attributes": {
            "create_time": "2020-05-16T05:06:10.953712Z",
            "destroy_time": "",
            "enabled": true,
            "id": "projects/291392838589/secrets/pg_pwd_dev/versions/1",
            "name": "projects/291392838589/secrets/pg_pwd_dev/versions/1",
            "secret": "projects/traceability-277402/secrets/pg_pwd_dev",
            "secret_data": "tacos",
            "timeouts": null
          },
          "private": "eyJlMmJmYjczMC1lY2FhLTExZTYtOGY4OC0zNDM2M2JjN2M0YzAiOnsiY3JlYXRlIjoyNDAwMDAwMDAwMDAsImRlbGV0ZSI6MjQwMDAwMDAwMDAwfX0=",
          "dependencies": [
            "module.db.google_secret_manager_secret.postgres_pwd"
          ]
        }
      ]
    },
    {
      "module": "module.db",
      "mode": "managed",
      "type": "google_sql_user",
      "name": "db_user_dev",
      "provider": "provider.google",
      "instances": []
    }
  ]
}
