{
  "version": 4,
  "terraform_version": "0.12.24",
  "serial": 25,
  "lineage": "12810a11-9926-bdd2-cad5-d2fc9f96148c",
  "outputs": {},
  "resources": [
    {
      "module": "module.db",
      "mode": "managed",
      "type": "google_sql_database_instance",
      "name": "db_dev",
      "provider": "provider.google",
      "instances": [
        {
          "schema_version": 0,
          "attributes": {
            "connection_name": "traceability-277402:us-central1:traceability-277402-pg-db-2005160604",
            "database_version": "POSTGRES_11",
            "first_ip_address": "35.224.202.19",
            "id": "traceability-277402-pg-db-2005160604",
            "ip_address": [
              {
                "ip_address": "35.224.202.19",
                "time_to_retire": "",
                "type": "PRIMARY"
              }
            ],
            "master_instance_name": "",
            "name": "traceability-277402-pg-db-2005160604",
            "private_ip_address": "",
            "project": "traceability-277402",
            "public_ip_address": "35.224.202.19",
            "region": "us-central1",
            "replica_configuration": [],
            "self_link": "https://sqladmin.googleapis.com/sql/v1beta4/projects/traceability-277402/instances/traceability-277402-pg-db-2005160604",
            "server_ca_cert": [
              {
                "cert": "-----BEGIN CERTIFICATE-----\nMIIDfzCCAmegAwIBAgIBADANBgkqhkiG9w0BAQsFADB3MS0wKwYDVQQuEyRjZDMy\nMjFiYi0zMmMwLTRiZjEtYTA0Zi00ZmIzMzYzOWU4ZGIxIzAhBgNVBAMTGkdvb2ds\nZSBDbG91ZCBTUUwgU2VydmVyIENBMRQwEgYDVQQKEwtHb29nbGUsIEluYzELMAkG\nA1UEBhMCVVMwHhcNMjAwNTE2MDYwNDA5WhcNMzAwNTE0MDYwNTA5WjB3MS0wKwYD\nVQQuEyRjZDMyMjFiYi0zMmMwLTRiZjEtYTA0Zi00ZmIzMzYzOWU4ZGIxIzAhBgNV\nBAMTGkdvb2dsZSBDbG91ZCBTUUwgU2VydmVyIENBMRQwEgYDVQQKEwtHb29nbGUs\nIEluYzELMAkGA1UEBhMCVVMwggEiMA0GCSqGSIb3DQEBAQUAA4IBDwAwggEKAoIB\nAQCcfJxZY0BsPZh/8uUW7OrPDN0yGfc13RjnEbne1k38/xIfCFWDJT93I1cfxBF5\nABw2LHrBRau1JsXmc1oD/Xonkrpiv2702k/Y1CVdREHw9Vi+2Mhq12UWtpbq+uqe\nnrWmJ3xEaE6+B6Ham0g2QFqAL9oJ5jcc2Wwm0bUWoXaOntfQW/Z6E8kJOSDtLB/U\n0lUQzVghtHT+CrZeF8LNLVQeUXoQnLUX0jWcTTE00oUbKcrqbaDg17bb1d1ihJtY\n9X6MdGq02vx6OC84lttJ6a/nK/UyYiBIGamu8fA+QyJPDUzE7oRNRenMTFTx0ITR\n8U5Mf2nmlOfAxl+C8alk2aj1AgMBAAGjFjAUMBIGA1UdEwEB/wQIMAYBAf8CAQAw\nDQYJKoZIhvcNAQELBQADggEBADg5KLtumZef2O8cMc/EO60R23Kbd03JlTWi+Fi5\nlhkTyVpJhjmdyw1Oq3/IJLESfwCfYk0NE48Ba5KOy4E5j/AjVySjHrOltJn5nDFY\nj3pU5X9nogSxnuyisVV8AETt7oT6lBvduLiVXvbMEsc/rP5dHGHGjcOsVKSC5gGl\nSXshAhJ/kDpNOmrAr7k6yoSOWP840ag+dp8Nh0smtw5nDP+O5qdMhnpWpJ5Tsr1p\nhuaP/v50bDhyRu7bScWUVUs2VKgLDZ4awrVf2ojKMvqmZDeb33xmPWtMwIFXfntj\nB4Smr5uMq1xNMMjblPYko5RtKbSA9rajDUm2k2AdVDwNEAM=\n-----END CERTIFICATE-----",
                "common_name": "C=US,O=Google\\, Inc,CN=Google Cloud SQL Server CA,dnQualifier=cd3221bb-32c0-4bf1-a04f-4fb33639e8db",
                "create_time": "2020-05-16T06:04:09.886Z",
                "expiration_time": "2030-05-14T06:05:09.886Z",
                "sha1_fingerprint": "9fa10c6b9ae0fa9a70970a2da99c1f39da6135f0"
              }
            ],
            "service_account_email_address": "p291392838589-hk0kt1@gcp-sa-cloud-sql.iam.gserviceaccount.com",
            "settings": [
              {
                "activation_policy": "ALWAYS",
                "authorized_gae_applications": [],
                "availability_type": "",
                "backup_configuration": [
                  {
                    "binary_log_enabled": false,
                    "enabled": false,
                    "location": "",
                    "start_time": "15:00"
                  }
                ],
                "crash_safe_replication": false,
                "database_flags": [],
                "disk_autoresize": true,
                "disk_size": 10,
                "disk_type": "PD_SSD",
                "ip_configuration": [
                  {
                    "authorized_networks": [],
                    "ipv4_enabled": true,
                    "private_network": "",
                    "require_ssl": false
                  }
                ],
                "location_preference": [
                  {
                    "follow_gae_application": "",
                    "zone": "us-central1-a"
                  }
                ],
                "maintenance_window": [],
                "pricing_plan": "PER_USE",
                "replication_type": "SYNCHRONOUS",
                "tier": "db-f1-micro",
                "user_labels": {},
                "version": 1
              }
            ],
            "timeouts": null
          },
          "private": "eyJlMmJmYjczMC1lY2FhLTExZTYtOGY4OC0zNDM2M2JjN2M0YzAiOnsiY3JlYXRlIjoxMjAwMDAwMDAwMDAwLCJkZWxldGUiOjEyMDAwMDAwMDAwMDAsInVwZGF0ZSI6MTIwMDAwMDAwMDAwMH19"
        }
      ]
    }
  ]
}
